// !$*UTF8*$!
{
	archiveVersion = 1;
	classes = {
	};
	objectVersion = 50;
	objects = {

/* Begin PBXBuildFile section */
		01F1B75D5FC35E386C5CBAD3 /* Pods_TicTacToc.framework in Frameworks */ = {isa = PBXBuildFile; fileRef = 2D04F682458FDFC2E5AFBE33 /* Pods_TicTacToc.framework */; };
		2AAC93C422BD113C00A04DC6 /* OfflineRankingTableViewController.swift in Sources */ = {isa = PBXBuildFile; fileRef = 2AAC93C322BD113B00A04DC6 /* OfflineRankingTableViewController.swift */; };
		2AC13BB822B90CC100F80969 /* AppDelegate.swift in Sources */ = {isa = PBXBuildFile; fileRef = 2AC13BB722B90CC100F80969 /* AppDelegate.swift */; };
		2AC13BBA22B90CC100F80969 /* ViewController.swift in Sources */ = {isa = PBXBuildFile; fileRef = 2AC13BB922B90CC100F80969 /* ViewController.swift */; };
		2AC13BBD22B90CC100F80969 /* Main.storyboard in Resources */ = {isa = PBXBuildFile; fileRef = 2AC13BBB22B90CC100F80969 /* Main.storyboard */; };
		2AC13BBF22B90CCB00F80969 /* Assets.xcassets in Resources */ = {isa = PBXBuildFile; fileRef = 2AC13BBE22B90CCB00F80969 /* Assets.xcassets */; };
		2AC13BC222B90CCB00F80969 /* LaunchScreen.storyboard in Resources */ = {isa = PBXBuildFile; fileRef = 2AC13BC022B90CCB00F80969 /* LaunchScreen.storyboard */; };
		2AC13BCD22B90CCB00F80969 /* TicTacTocTests.swift in Sources */ = {isa = PBXBuildFile; fileRef = 2AC13BCC22B90CCB00F80969 /* TicTacTocTests.swift */; };
		2AC13BD822B90CCB00F80969 /* TicTacTocUITests.swift in Sources */ = {isa = PBXBuildFile; fileRef = 2AC13BD722B90CCB00F80969 /* TicTacTocUITests.swift */; };
		A199FB2722C633E60032E22D /* X.jpg in Resources */ = {isa = PBXBuildFile; fileRef = A199FB2422C633E50032E22D /* X.jpg */; };
		A199FB2822C633E60032E22D /* original-2301045-1.jpg in Resources */ = {isa = PBXBuildFile; fileRef = A199FB2522C633E50032E22D /* original-2301045-1.jpg */; };
		A199FB2922C633E60032E22D /* O.png in Resources */ = {isa = PBXBuildFile; fileRef = A199FB2622C633E60032E22D /* O.png */; };
		A1E5C67822CB780C008DB2F9 /* OnlineViewController.swift in Sources */ = {isa = PBXBuildFile; fileRef = A1E5C67722CB780C008DB2F9 /* OnlineViewController.swift */; };
		A1E5C67A22CB9412008DB2F9 /* SecondViewController.swift in Sources */ = {isa = PBXBuildFile; fileRef = A1E5C67922CB9412008DB2F9 /* SecondViewController.swift */; };
		CA22A8B422C377F9003DBB95 /* TTTSocketWrapper.swift in Sources */ = {isa = PBXBuildFile; fileRef = CA22A8B322C377F9003DBB95 /* TTTSocketWrapper.swift */; };
		FAC8D87822BA6382002AD364 /* OfflineViewController.swift in Sources */ = {isa = PBXBuildFile; fileRef = FAC8D87722BA6382002AD364 /* OfflineViewController.swift */; };
/* End PBXBuildFile section */

/* Begin PBXContainerItemProxy section */
		2AC13BC922B90CCB00F80969 /* PBXContainerItemProxy */ = {
			isa = PBXContainerItemProxy;
			containerPortal = 2AC13BAC22B90CC100F80969 /* Project object */;
			proxyType = 1;
			remoteGlobalIDString = 2AC13BB322B90CC100F80969;
			remoteInfo = TicTacToc;
		};
		2AC13BD422B90CCB00F80969 /* PBXContainerItemProxy */ = {
			isa = PBXContainerItemProxy;
			containerPortal = 2AC13BAC22B90CC100F80969 /* Project object */;
			proxyType = 1;
			remoteGlobalIDString = 2AC13BB322B90CC100F80969;
			remoteInfo = TicTacToc;
		};
/* End PBXContainerItemProxy section */

/* Begin PBXFileReference section */
		120C1B1B762194E33662E519 /* Pods_TicTacTocUITests.framework */ = {isa = PBXFileReference; explicitFileType = wrapper.framework; includeInIndex = 0; path = Pods_TicTacTocUITests.framework; sourceTree = BUILT_PRODUCTS_DIR; };
		2AAC93C322BD113B00A04DC6 /* OfflineRankingTableViewController.swift */ = {isa = PBXFileReference; lastKnownFileType = sourcecode.swift; path = OfflineRankingTableViewController.swift; sourceTree = "<group>"; };
		2AC13BB422B90CC100F80969 /* TicTacToc.app */ = {isa = PBXFileReference; explicitFileType = wrapper.application; includeInIndex = 0; path = TicTacToc.app; sourceTree = BUILT_PRODUCTS_DIR; };
		2AC13BB722B90CC100F80969 /* AppDelegate.swift */ = {isa = PBXFileReference; lastKnownFileType = sourcecode.swift; path = AppDelegate.swift; sourceTree = "<group>"; };
		2AC13BB922B90CC100F80969 /* ViewController.swift */ = {isa = PBXFileReference; lastKnownFileType = sourcecode.swift; path = ViewController.swift; sourceTree = "<group>"; };
		2AC13BBC22B90CC100F80969 /* Base */ = {isa = PBXFileReference; lastKnownFileType = file.storyboard; name = Base; path = Base.lproj/Main.storyboard; sourceTree = "<group>"; };
		2AC13BBE22B90CCB00F80969 /* Assets.xcassets */ = {isa = PBXFileReference; lastKnownFileType = folder.assetcatalog; path = Assets.xcassets; sourceTree = "<group>"; };
		2AC13BC122B90CCB00F80969 /* Base */ = {isa = PBXFileReference; lastKnownFileType = file.storyboard; name = Base; path = Base.lproj/LaunchScreen.storyboard; sourceTree = "<group>"; };
		2AC13BC322B90CCB00F80969 /* Info.plist */ = {isa = PBXFileReference; lastKnownFileType = text.plist.xml; path = Info.plist; sourceTree = "<group>"; };
		2AC13BC822B90CCB00F80969 /* TicTacTocTests.xctest */ = {isa = PBXFileReference; explicitFileType = wrapper.cfbundle; includeInIndex = 0; path = TicTacTocTests.xctest; sourceTree = BUILT_PRODUCTS_DIR; };
		2AC13BCC22B90CCB00F80969 /* TicTacTocTests.swift */ = {isa = PBXFileReference; lastKnownFileType = sourcecode.swift; path = TicTacTocTests.swift; sourceTree = "<group>"; };
		2AC13BCE22B90CCB00F80969 /* Info.plist */ = {isa = PBXFileReference; lastKnownFileType = text.plist.xml; path = Info.plist; sourceTree = "<group>"; };
		2AC13BD322B90CCB00F80969 /* TicTacTocUITests.xctest */ = {isa = PBXFileReference; explicitFileType = wrapper.cfbundle; includeInIndex = 0; path = TicTacTocUITests.xctest; sourceTree = BUILT_PRODUCTS_DIR; };
		2AC13BD722B90CCB00F80969 /* TicTacTocUITests.swift */ = {isa = PBXFileReference; lastKnownFileType = sourcecode.swift; path = TicTacTocUITests.swift; sourceTree = "<group>"; };
		2AC13BD922B90CCB00F80969 /* Info.plist */ = {isa = PBXFileReference; lastKnownFileType = text.plist.xml; path = Info.plist; sourceTree = "<group>"; };
		2D04F682458FDFC2E5AFBE33 /* Pods_TicTacToc.framework */ = {isa = PBXFileReference; explicitFileType = wrapper.framework; includeInIndex = 0; path = Pods_TicTacToc.framework; sourceTree = BUILT_PRODUCTS_DIR; };
		493E33D0B1EE13599AB4B780 /* Pods-TicTacToc.release.xcconfig */ = {isa = PBXFileReference; includeInIndex = 1; lastKnownFileType = text.xcconfig; name = "Pods-TicTacToc.release.xcconfig"; path = "Pods/Target Support Files/Pods-TicTacToc/Pods-TicTacToc.release.xcconfig"; sourceTree = "<group>"; };
		737D160BCA73C0CC13B1431B /* Pods-TicTacToc.debug.xcconfig */ = {isa = PBXFileReference; includeInIndex = 1; lastKnownFileType = text.xcconfig; name = "Pods-TicTacToc.debug.xcconfig"; path = "Pods/Target Support Files/Pods-TicTacToc/Pods-TicTacToc.debug.xcconfig"; sourceTree = "<group>"; };
		A199FB2422C633E50032E22D /* X.jpg */ = {isa = PBXFileReference; lastKnownFileType = image.jpeg; name = X.jpg; path = ../../../../Downloads/X.jpg; sourceTree = "<group>"; };
		A199FB2522C633E50032E22D /* original-2301045-1.jpg */ = {isa = PBXFileReference; lastKnownFileType = image.jpeg; name = "original-2301045-1.jpg"; path = "../../../../Downloads/original-2301045-1.jpg"; sourceTree = "<group>"; };
		A199FB2622C633E60032E22D /* O.png */ = {isa = PBXFileReference; lastKnownFileType = image.png; name = O.png; path = ../../../../Downloads/O.png; sourceTree = "<group>"; };
		A1E5C67722CB780C008DB2F9 /* OnlineViewController.swift */ = {isa = PBXFileReference; lastKnownFileType = sourcecode.swift; path = OnlineViewController.swift; sourceTree = "<group>"; };
		A1E5C67922CB9412008DB2F9 /* SecondViewController.swift */ = {isa = PBXFileReference; lastKnownFileType = sourcecode.swift; path = SecondViewController.swift; sourceTree = "<group>"; };
		B4BECC19BDE881CC97B2E265 /* Pods_TicTacTocTests.framework */ = {isa = PBXFileReference; explicitFileType = wrapper.framework; includeInIndex = 0; path = Pods_TicTacTocTests.framework; sourceTree = BUILT_PRODUCTS_DIR; };
		CA22A8B322C377F9003DBB95 /* TTTSocketWrapper.swift */ = {isa = PBXFileReference; lastKnownFileType = sourcecode.swift; path = TTTSocketWrapper.swift; sourceTree = "<group>"; };
		FAC8D87722BA6382002AD364 /* OfflineViewController.swift */ = {isa = PBXFileReference; lastKnownFileType = sourcecode.swift; path = OfflineViewController.swift; sourceTree = "<group>"; };
		FAC8D87922BA8070002AD364 /* original-2301045-1.jpg */ = {isa = PBXFileReference; lastKnownFileType = image.jpeg; path = "original-2301045-1.jpg"; sourceTree = "<group>"; };
/* End PBXFileReference section */

/* Begin PBXFrameworksBuildPhase section */
		2AC13BB122B90CC100F80969 /* Frameworks */ = {
			isa = PBXFrameworksBuildPhase;
			buildActionMask = 2147483647;
			files = (
				01F1B75D5FC35E386C5CBAD3 /* Pods_TicTacToc.framework in Frameworks */,
			);
			runOnlyForDeploymentPostprocessing = 0;
		};
		2AC13BC522B90CCB00F80969 /* Frameworks */ = {
			isa = PBXFrameworksBuildPhase;
			buildActionMask = 2147483647;
			files = (
			);
			runOnlyForDeploymentPostprocessing = 0;
		};
		2AC13BD022B90CCB00F80969 /* Frameworks */ = {
			isa = PBXFrameworksBuildPhase;
			buildActionMask = 2147483647;
			files = (
			);
			runOnlyForDeploymentPostprocessing = 0;
		};
/* End PBXFrameworksBuildPhase section */

/* Begin PBXGroup section */
		2AC13BAB22B90CC000F80969 = {
			isa = PBXGroup;
			children = (
				FAC8D87922BA8070002AD364 /* original-2301045-1.jpg */,
				2AC13BB622B90CC100F80969 /* TicTacToc */,
				2AC13BCB22B90CCB00F80969 /* TicTacTocTests */,
				2AC13BD622B90CCB00F80969 /* TicTacTocUITests */,
				2AC13BB522B90CC100F80969 /* Products */,
				46970C597EABC7A5C5062E24 /* Pods */,
				4C8000100A805D1FA974833D /* Frameworks */,
			);
			sourceTree = "<group>";
		};
		2AC13BB522B90CC100F80969 /* Products */ = {
			isa = PBXGroup;
			children = (
				2AC13BB422B90CC100F80969 /* TicTacToc.app */,
				2AC13BC822B90CCB00F80969 /* TicTacTocTests.xctest */,
				2AC13BD322B90CCB00F80969 /* TicTacTocUITests.xctest */,
			);
			name = Products;
			sourceTree = "<group>";
		};
		2AC13BB622B90CC100F80969 /* TicTacToc */ = {
			isa = PBXGroup;
			children = (
				A199FB2622C633E60032E22D /* O.png */,
				A199FB2522C633E50032E22D /* original-2301045-1.jpg */,
				A199FB2422C633E50032E22D /* X.jpg */,
				2AC13BB722B90CC100F80969 /* AppDelegate.swift */,
				2AC13BB922B90CC100F80969 /* ViewController.swift */,
				2AC13BBB22B90CC100F80969 /* Main.storyboard */,
				2AC13BBE22B90CCB00F80969 /* Assets.xcassets */,
				2AC13BC022B90CCB00F80969 /* LaunchScreen.storyboard */,
				2AC13BC322B90CCB00F80969 /* Info.plist */,
				FAC8D87722BA6382002AD364 /* OfflineViewController.swift */,
				2AAC93C322BD113B00A04DC6 /* OfflineRankingTableViewController.swift */,
				CA22A8B322C377F9003DBB95 /* TTTSocketWrapper.swift */,
				A1E5C67722CB780C008DB2F9 /* OnlineViewController.swift */,
				A1E5C67922CB9412008DB2F9 /* SecondViewController.swift */,
			);
			path = TicTacToc;
			sourceTree = "<group>";
		};
		2AC13BCB22B90CCB00F80969 /* TicTacTocTests */ = {
			isa = PBXGroup;
			children = (
				2AC13BCC22B90CCB00F80969 /* TicTacTocTests.swift */,
				2AC13BCE22B90CCB00F80969 /* Info.plist */,
			);
			path = TicTacTocTests;
			sourceTree = "<group>";
		};
		2AC13BD622B90CCB00F80969 /* TicTacTocUITests */ = {
			isa = PBXGroup;
			children = (
				2AC13BD722B90CCB00F80969 /* TicTacTocUITests.swift */,
				2AC13BD922B90CCB00F80969 /* Info.plist */,
			);
			path = TicTacTocUITests;
			sourceTree = "<group>";
		};
		46970C597EABC7A5C5062E24 /* Pods */ = {
			isa = PBXGroup;
			children = (
				737D160BCA73C0CC13B1431B /* Pods-TicTacToc.debug.xcconfig */,
				493E33D0B1EE13599AB4B780 /* Pods-TicTacToc.release.xcconfig */,
			);
			name = Pods;
			sourceTree = "<group>";
		};
		4C8000100A805D1FA974833D /* Frameworks */ = {
			isa = PBXGroup;
			children = (
				2D04F682458FDFC2E5AFBE33 /* Pods_TicTacToc.framework */,
				B4BECC19BDE881CC97B2E265 /* Pods_TicTacTocTests.framework */,
				120C1B1B762194E33662E519 /* Pods_TicTacTocUITests.framework */,
			);
			name = Frameworks;
			sourceTree = "<group>";
		};
/* End PBXGroup section */

/* Begin PBXNativeTarget section */
		2AC13BB322B90CC100F80969 /* TicTacToc */ = {
			isa = PBXNativeTarget;
			buildConfigurationList = 2AC13BDC22B90CCB00F80969 /* Build configuration list for PBXNativeTarget "TicTacToc" */;
			buildPhases = (
				0B2260DEF48B2B14F8A406C2 /* [CP] Check Pods Manifest.lock */,
				2AC13BB022B90CC100F80969 /* Sources */,
				2AC13BB122B90CC100F80969 /* Frameworks */,
				2AC13BB222B90CC100F80969 /* Resources */,
				C786619E6A1F310428A3C357 /* [CP] Embed Pods Frameworks */,
			);
			buildRules = (
			);
			dependencies = (
			);
			name = TicTacToc;
			productName = TicTacToc;
			productReference = 2AC13BB422B90CC100F80969 /* TicTacToc.app */;
			productType = "com.apple.product-type.application";
		};
		2AC13BC722B90CCB00F80969 /* TicTacTocTests */ = {
			isa = PBXNativeTarget;
			buildConfigurationList = 2AC13BDF22B90CCB00F80969 /* Build configuration list for PBXNativeTarget "TicTacTocTests" */;
			buildPhases = (
				2AC13BC422B90CCB00F80969 /* Sources */,
				2AC13BC522B90CCB00F80969 /* Frameworks */,
				2AC13BC622B90CCB00F80969 /* Resources */,
			);
			buildRules = (
			);
			dependencies = (
				2AC13BCA22B90CCB00F80969 /* PBXTargetDependency */,
			);
			name = TicTacTocTests;
			productName = TicTacTocTests;
			productReference = 2AC13BC822B90CCB00F80969 /* TicTacTocTests.xctest */;
			productType = "com.apple.product-type.bundle.unit-test";
		};
		2AC13BD222B90CCB00F80969 /* TicTacTocUITests */ = {
			isa = PBXNativeTarget;
			buildConfigurationList = 2AC13BE222B90CCB00F80969 /* Build configuration list for PBXNativeTarget "TicTacTocUITests" */;
			buildPhases = (
				2AC13BCF22B90CCB00F80969 /* Sources */,
				2AC13BD022B90CCB00F80969 /* Frameworks */,
				2AC13BD122B90CCB00F80969 /* Resources */,
			);
			buildRules = (
			);
			dependencies = (
				2AC13BD522B90CCB00F80969 /* PBXTargetDependency */,
			);
			name = TicTacTocUITests;
			productName = TicTacTocUITests;
			productReference = 2AC13BD322B90CCB00F80969 /* TicTacTocUITests.xctest */;
			productType = "com.apple.product-type.bundle.ui-testing";
		};
/* End PBXNativeTarget section */

/* Begin PBXProject section */
		2AC13BAC22B90CC100F80969 /* Project object */ = {
			isa = PBXProject;
			attributes = {
				LastSwiftUpdateCheck = 0940;
				LastUpgradeCheck = 0940;
				ORGANIZATIONNAME = "SUP'Internet 11";
				TargetAttributes = {
					2AC13BB322B90CC100F80969 = {
						CreatedOnToolsVersion = 9.4.1;
					};
					2AC13BC722B90CCB00F80969 = {
						CreatedOnToolsVersion = 9.4.1;
						TestTargetID = 2AC13BB322B90CC100F80969;
					};
					2AC13BD222B90CCB00F80969 = {
						CreatedOnToolsVersion = 9.4.1;
						TestTargetID = 2AC13BB322B90CC100F80969;
					};
				};
			};
			buildConfigurationList = 2AC13BAF22B90CC100F80969 /* Build configuration list for PBXProject "TicTacToc" */;
			compatibilityVersion = "Xcode 9.3";
			developmentRegion = en;
			hasScannedForEncodings = 0;
			knownRegions = (
				en,
				Base,
			);
			mainGroup = 2AC13BAB22B90CC000F80969;
			productRefGroup = 2AC13BB522B90CC100F80969 /* Products */;
			projectDirPath = "";
			projectRoot = "";
			targets = (
				2AC13BB322B90CC100F80969 /* TicTacToc */,
				2AC13BC722B90CCB00F80969 /* TicTacTocTests */,
				2AC13BD222B90CCB00F80969 /* TicTacTocUITests */,
			);
		};
/* End PBXProject section */

/* Begin PBXResourcesBuildPhase section */
		2AC13BB222B90CC100F80969 /* Resources */ = {
			isa = PBXResourcesBuildPhase;
			buildActionMask = 2147483647;
			files = (
				A199FB2722C633E60032E22D /* X.jpg in Resources */,
				2AC13BC222B90CCB00F80969 /* LaunchScreen.storyboard in Resources */,
				2AC13BBF22B90CCB00F80969 /* Assets.xcassets in Resources */,
				A199FB2922C633E60032E22D /* O.png in Resources */,
				2AC13BBD22B90CC100F80969 /* Main.storyboard in Resources */,
				A199FB2822C633E60032E22D /* original-2301045-1.jpg in Resources */,
			);
			runOnlyForDeploymentPostprocessing = 0;
		};
		2AC13BC622B90CCB00F80969 /* Resources */ = {
			isa = PBXResourcesBuildPhase;
			buildActionMask = 2147483647;
			files = (
			);
			runOnlyForDeploymentPostprocessing = 0;
		};
		2AC13BD122B90CCB00F80969 /* Resources */ = {
			isa = PBXResourcesBuildPhase;
			buildActionMask = 2147483647;
			files = (
			);
			runOnlyForDeploymentPostprocessing = 0;
		};
/* End PBXResourcesBuildPhase section */

/* Begin PBXShellScriptBuildPhase section */
		0B2260DEF48B2B14F8A406C2 /* [CP] Check Pods Manifest.lock */ = {
			isa = PBXShellScriptBuildPhase;
			buildActionMask = 2147483647;
			files = (
			);
			inputPaths = (
				"${PODS_PODFILE_DIR_PATH}/Podfile.lock",
				"${PODS_ROOT}/Manifest.lock",
			);
			name = "[CP] Check Pods Manifest.lock";
			outputPaths = (
				"$(DERIVED_FILE_DIR)/Pods-TicTacToc-checkManifestLockResult.txt",
			);
			runOnlyForDeploymentPostprocessing = 0;
			shellPath = /bin/sh;
			shellScript = "diff \"${PODS_PODFILE_DIR_PATH}/Podfile.lock\" \"${PODS_ROOT}/Manifest.lock\" > /dev/null\nif [ $? != 0 ] ; then\n    # print error to STDERR\n    echo \"error: The sandbox is not in sync with the Podfile.lock. Run 'pod install' or update your CocoaPods installation.\" >&2\n    exit 1\nfi\n# This output is used by Xcode 'outputs' to avoid re-running this script phase.\necho \"SUCCESS\" > \"${SCRIPT_OUTPUT_FILE_0}\"\n";
			showEnvVarsInLog = 0;
		};
		C786619E6A1F310428A3C357 /* [CP] Embed Pods Frameworks */ = {
			isa = PBXShellScriptBuildPhase;
			buildActionMask = 2147483647;
			files = (
			);
			inputPaths = (
				"${SRCROOT}/Pods/Target Support Files/Pods-TicTacToc/Pods-TicTacToc-frameworks.sh",
				"${BUILT_PRODUCTS_DIR}/Socket.IO-Client-Swift/SocketIO.framework",
				"${BUILT_PRODUCTS_DIR}/Starscream/Starscream.framework",
			);
			name = "[CP] Embed Pods Frameworks";
			outputPaths = (
				"${TARGET_BUILD_DIR}/${FRAMEWORKS_FOLDER_PATH}/SocketIO.framework",
				"${TARGET_BUILD_DIR}/${FRAMEWORKS_FOLDER_PATH}/Starscream.framework",
			);
			runOnlyForDeploymentPostprocessing = 0;
			shellPath = /bin/sh;
			shellScript = "\"${SRCROOT}/Pods/Target Support Files/Pods-TicTacToc/Pods-TicTacToc-frameworks.sh\"\n";
			showEnvVarsInLog = 0;
		};
/* End PBXShellScriptBuildPhase section */

/* Begin PBXSourcesBuildPhase section */
		2AC13BB022B90CC100F80969 /* Sources */ = {
			isa = PBXSourcesBuildPhase;
			buildActionMask = 2147483647;
			files = (
				FAC8D87822BA6382002AD364 /* OfflineViewController.swift in Sources */,
				2AC13BBA22B90CC100F80969 /* ViewController.swift in Sources */,
				CA22A8B422C377F9003DBB95 /* TTTSocketWrapper.swift in Sources */,
				A1E5C67822CB780C008DB2F9 /* OnlineViewController.swift in Sources */,
				A1E5C67A22CB9412008DB2F9 /* SecondViewController.swift in Sources */,
				2AAC93C422BD113C00A04DC6 /* OfflineRankingTableViewController.swift in Sources */,
				2AC13BB822B90CC100F80969 /* AppDelegate.swift in Sources */,
			);
			runOnlyForDeploymentPostprocessing = 0;
		};
		2AC13BC422B90CCB00F80969 /* Sources */ = {
			isa = PBXSourcesBuildPhase;
			buildActionMask = 2147483647;
			files = (
				2AC13BCD22B90CCB00F80969 /* TicTacTocTests.swift in Sources */,
			);
			runOnlyForDeploymentPostprocessing = 0;
		};
		2AC13BCF22B90CCB00F80969 /* Sources */ = {
			isa = PBXSourcesBuildPhase;
			buildActionMask = 2147483647;
			files = (
				2AC13BD822B90CCB00F80969 /* TicTacTocUITests.swift in Sources */,
			);
			runOnlyForDeploymentPostprocessing = 0;
		};
/* End PBXSourcesBuildPhase section */

/* Begin PBXTargetDependency section */
		2AC13BCA22B90CCB00F80969 /* PBXTargetDependency */ = {
			isa = PBXTargetDependency;
			target = 2AC13BB322B90CC100F80969 /* TicTacToc */;
			targetProxy = 2AC13BC922B90CCB00F80969 /* PBXContainerItemProxy */;
		};
		2AC13BD522B90CCB00F80969 /* PBXTargetDependency */ = {
			isa = PBXTargetDependency;
			target = 2AC13BB322B90CC100F80969 /* TicTacToc */;
			targetProxy = 2AC13BD422B90CCB00F80969 /* PBXContainerItemProxy */;
		};
/* End PBXTargetDependency section */

/* Begin PBXVariantGroup section */
		2AC13BBB22B90CC100F80969 /* Main.storyboard */ = {
			isa = PBXVariantGroup;
			children = (
				2AC13BBC22B90CC100F80969 /* Base */,
			);
			name = Main.storyboard;
			sourceTree = "<group>";
		};
		2AC13BC022B90CCB00F80969 /* LaunchScreen.storyboard */ = {
			isa = PBXVariantGroup;
			children = (
				2AC13BC122B90CCB00F80969 /* Base */,
			);
			name = LaunchScreen.storyboard;
			sourceTree = "<group>";
		};
/* End PBXVariantGroup section */

/* Begin XCBuildConfiguration section */
		2AC13BDA22B90CCB00F80969 /* Debug */ = {
			isa = XCBuildConfiguration;
			buildSettings = {
				ALWAYS_SEARCH_USER_PATHS = NO;
				CLANG_ANALYZER_NONNULL = YES;
				CLANG_ANALYZER_NUMBER_OBJECT_CONVERSION = YES_AGGRESSIVE;
				CLANG_CXX_LANGUAGE_STANDARD = "gnu++14";
				CLANG_CXX_LIBRARY = "libc++";
				CLANG_ENABLE_MODULES = YES;
				CLANG_ENABLE_OBJC_ARC = YES;
				CLANG_ENABLE_OBJC_WEAK = YES;
				CLANG_WARN_BLOCK_CAPTURE_AUTORELEASING = YES;
				CLANG_WARN_BOOL_CONVERSION = YES;
				CLANG_WARN_COMMA = YES;
				CLANG_WARN_CONSTANT_CONVERSION = YES;
				CLANG_WARN_DEPRECATED_OBJC_IMPLEMENTATIONS = YES;
				CLANG_WARN_DIRECT_OBJC_ISA_USAGE = YES_ERROR;
				CLANG_WARN_DOCUMENTATION_COMMENTS = YES;
				CLANG_WARN_EMPTY_BODY = YES;
				CLANG_WARN_ENUM_CONVERSION = YES;
				CLANG_WARN_INFINITE_RECURSION = YES;
				CLANG_WARN_INT_CONVERSION = YES;
				CLANG_WARN_NON_LITERAL_NULL_CONVERSION = YES;
				CLANG_WARN_OBJC_IMPLICIT_RETAIN_SELF = YES;
				CLANG_WARN_OBJC_LITERAL_CONVERSION = YES;
				CLANG_WARN_OBJC_ROOT_CLASS = YES_ERROR;
				CLANG_WARN_RANGE_LOOP_ANALYSIS = YES;
				CLANG_WARN_STRICT_PROTOTYPES = YES;
				CLANG_WARN_SUSPICIOUS_MOVE = YES;
				CLANG_WARN_UNGUARDED_AVAILABILITY = YES_AGGRESSIVE;
				CLANG_WARN_UNREACHABLE_CODE = YES;
				CLANG_WARN__DUPLICATE_METHOD_MATCH = YES;
				CODE_SIGN_IDENTITY = "iPhone Developer";
				COPY_PHASE_STRIP = NO;
				DEBUG_INFORMATION_FORMAT = dwarf;
				ENABLE_STRICT_OBJC_MSGSEND = YES;
				ENABLE_TESTABILITY = YES;
				GCC_C_LANGUAGE_STANDARD = gnu11;
				GCC_DYNAMIC_NO_PIC = NO;
				GCC_NO_COMMON_BLOCKS = YES;
				GCC_OPTIMIZATION_LEVEL = 0;
				GCC_PREPROCESSOR_DEFINITIONS = (
					"DEBUG=1",
					"$(inherited)",
				);
				GCC_WARN_64_TO_32_BIT_CONVERSION = YES;
				GCC_WARN_ABOUT_RETURN_TYPE = YES_ERROR;
				GCC_WARN_UNDECLARED_SELECTOR = YES;
				GCC_WARN_UNINITIALIZED_AUTOS = YES_AGGRESSIVE;
				GCC_WARN_UNUSED_FUNCTION = YES;
				GCC_WARN_UNUSED_VARIABLE = YES;
				IPHONEOS_DEPLOYMENT_TARGET = 11.4;
				MTL_ENABLE_DEBUG_INFO = YES;
				ONLY_ACTIVE_ARCH = YES;
				SDKROOT = iphoneos;
				SWIFT_ACTIVE_COMPILATION_CONDITIONS = DEBUG;
				SWIFT_OPTIMIZATION_LEVEL = "-Onone";
			};
			name = Debug;
		};
		2AC13BDB22B90CCB00F80969 /* Release */ = {
			isa = XCBuildConfiguration;
			buildSettings = {
				ALWAYS_SEARCH_USER_PATHS = NO;
				CLANG_ANALYZER_NONNULL = YES;
				CLANG_ANALYZER_NUMBER_OBJECT_CONVERSION = YES_AGGRESSIVE;
				CLANG_CXX_LANGUAGE_STANDARD = "gnu++14";
				CLANG_CXX_LIBRARY = "libc++";
				CLANG_ENABLE_MODULES = YES;
				CLANG_ENABLE_OBJC_ARC = YES;
				CLANG_ENABLE_OBJC_WEAK = YES;
				CLANG_WARN_BLOCK_CAPTURE_AUTORELEASING = YES;
				CLANG_WARN_BOOL_CONVERSION = YES;
				CLANG_WARN_COMMA = YES;
				CLANG_WARN_CONSTANT_CONVERSION = YES;
				CLANG_WARN_DEPRECATED_OBJC_IMPLEMENTATIONS = YES;
				CLANG_WARN_DIRECT_OBJC_ISA_USAGE = YES_ERROR;
				CLANG_WARN_DOCUMENTATION_COMMENTS = YES;
				CLANG_WARN_EMPTY_BODY = YES;
				CLANG_WARN_ENUM_CONVERSION = YES;
				CLANG_WARN_INFINITE_RECURSION = YES;
				CLANG_WARN_INT_CONVERSION = YES;
				CLANG_WARN_NON_LITERAL_NULL_CONVERSION = YES;
				CLANG_WARN_OBJC_IMPLICIT_RETAIN_SELF = YES;
				CLANG_WARN_OBJC_LITERAL_CONVERSION = YES;
				CLANG_WARN_OBJC_ROOT_CLASS = YES_ERROR;
				CLANG_WARN_RANGE_LOOP_ANALYSIS = YES;
				CLANG_WARN_STRICT_PROTOTYPES = YES;
				CLANG_WARN_SUSPICIOUS_MOVE = YES;
				CLANG_WARN_UNGUARDED_AVAILABILITY = YES_AGGRESSIVE;
				CLANG_WARN_UNREACHABLE_CODE = YES;
				CLANG_WARN__DUPLICATE_METHOD_MATCH = YES;
				CODE_SIGN_IDENTITY = "iPhone Developer";
				COPY_PHASE_STRIP = NO;
				DEBUG_INFORMATION_FORMAT = "dwarf-with-dsym";
				ENABLE_NS_ASSERTIONS = NO;
				ENABLE_STRICT_OBJC_MSGSEND = YES;
				GCC_C_LANGUAGE_STANDARD = gnu11;
				GCC_NO_COMMON_BLOCKS = YES;
				GCC_WARN_64_TO_32_BIT_CONVERSION = YES;
				GCC_WARN_ABOUT_RETURN_TYPE = YES_ERROR;
				GCC_WARN_UNDECLARED_SELECTOR = YES;
				GCC_WARN_UNINITIALIZED_AUTOS = YES_AGGRESSIVE;
				GCC_WARN_UNUSED_FUNCTION = YES;
				GCC_WARN_UNUSED_VARIABLE = YES;
				IPHONEOS_DEPLOYMENT_TARGET = 11.4;
				MTL_ENABLE_DEBUG_INFO = NO;
				SDKROOT = iphoneos;
				SWIFT_COMPILATION_MODE = wholemodule;
				SWIFT_OPTIMIZATION_LEVEL = "-O";
				VALIDATE_PRODUCT = YES;
			};
			name = Release;
		};
		2AC13BDD22B90CCB00F80969 /* Debug */ = {
			isa = XCBuildConfiguration;
			baseConfigurationReference = 737D160BCA73C0CC13B1431B /* Pods-TicTacToc.debug.xcconfig */;
			buildSettings = {
				ASSETCATALOG_COMPILER_APPICON_NAME = AppIcon;
				CODE_SIGN_STYLE = Automatic;
				INFOPLIST_FILE = TicTacToc/Info.plist;
				LD_RUNPATH_SEARCH_PATHS = (
					"$(inherited)",
					"@executable_path/Frameworks",
				);
				PRODUCT_BUNDLE_IDENTIFIER = anonyme.TicTacToc;
				PRODUCT_NAME = "$(TARGET_NAME)";
				SWIFT_VERSION = 4.0;
				TARGETED_DEVICE_FAMILY = "1,2";
			};
			name = Debug;
		};
		2AC13BDE22B90CCB00F80969 /* Release */ = {
			isa = XCBuildConfiguration;
			baseConfigurationReference = 493E33D0B1EE13599AB4B780 /* Pods-TicTacToc.release.xcconfig */;
			buildSettings = {
				ASSETCATALOG_COMPILER_APPICON_NAME = AppIcon;
				CODE_SIGN_STYLE = Automatic;
				INFOPLIST_FILE = TicTacToc/Info.plist;
				LD_RUNPATH_SEARCH_PATHS = (
					"$(inherited)",
					"@executable_path/Frameworks",
				);
				PRODUCT_BUNDLE_IDENTIFIER = anonyme.TicTacToc;
				PRODUCT_NAME = "$(TARGET_NAME)";
				SWIFT_VERSION = 4.0;
				TARGETED_DEVICE_FAMILY = "1,2";
			};
			name = Release;
		};
		2AC13BE022B90CCB00F80969 /* Debug */ = {
			isa = XCBuildConfiguration;
			buildSettings = {
				ALWAYS_EMBED_SWIFT_STANDARD_LIBRARIES = YES;
				BUNDLE_LOADER = "$(TEST_HOST)";
				CODE_SIGN_STYLE = Automatic;
				INFOPLIST_FILE = TicTacTocTests/Info.plist;
				LD_RUNPATH_SEARCH_PATHS = (
					"$(inherited)",
					"@executable_path/Frameworks",
					"@loader_path/Frameworks",
				);
				PRODUCT_BUNDLE_IDENTIFIER = anonyme.TicTacTocTests;
				PRODUCT_NAME = "$(TARGET_NAME)";
				SWIFT_VERSION = 4.0;
				TARGETED_DEVICE_FAMILY = "1,2";
				TEST_HOST = "$(BUILT_PRODUCTS_DIR)/TicTacToc.app/TicTacToc";
			};
			name = Debug;
		};
		2AC13BE122B90CCB00F80969 /* Release */ = {
			isa = XCBuildConfiguration;
			buildSettings = {
				ALWAYS_EMBED_SWIFT_STANDARD_LIBRARIES = YES;
				BUNDLE_LOADER = "$(TEST_HOST)";
				CODE_SIGN_STYLE = Automatic;
				INFOPLIST_FILE = TicTacTocTests/Info.plist;
				LD_RUNPATH_SEARCH_PATHS = (
					"$(inherited)",
					"@executable_path/Frameworks",
					"@loader_path/Frameworks",
				);
				PRODUCT_BUNDLE_IDENTIFIER = anonyme.TicTacTocTests;
				PRODUCT_NAME = "$(TARGET_NAME)";
				SWIFT_VERSION = 4.0;
				TARGETED_DEVICE_FAMILY = "1,2";
				TEST_HOST = "$(BUILT_PRODUCTS_DIR)/TicTacToc.app/TicTacToc";
			};
			name = Release;
		};
		2AC13BE322B90CCB00F80969 /* Debug */ = {
			isa = XCBuildConfiguration;
			buildSettings = {
				ALWAYS_EMBED_SWIFT_STANDARD_LIBRARIES = YES;
				CODE_SIGN_STYLE = Automatic;
				INFOPLIST_FILE = TicTacTocUITests/Info.plist;
				LD_RUNPATH_SEARCH_PATHS = (
					"$(inherited)",
					"@executable_path/Frameworks",
					"@loader_path/Frameworks",
				);
				PRODUCT_BUNDLE_IDENTIFIER = anonyme.TicTacTocUITests;
				PRODUCT_NAME = "$(TARGET_NAME)";
				SWIFT_VERSION = 4.0;
				TARGETED_DEVICE_FAMILY = "1,2";
				TEST_TARGET_NAME = TicTacToc;
			};
			name = Debug;
		};
		2AC13BE422B90CCB00F80969 /* Release */ = {
			isa = XCBuildConfiguration;
			buildSettings = {
				ALWAYS_EMBED_SWIFT_STANDARD_LIBRARIES = YES;
				CODE_SIGN_STYLE = Automatic;
				INFOPLIST_FILE = TicTacTocUITests/Info.plist;
				LD_RUNPATH_SEARCH_PATHS = (
					"$(inherited)",
					"@executable_path/Frameworks",
					"@loader_path/Frameworks",
				);
				PRODUCT_BUNDLE_IDENTIFIER = anonyme.TicTacTocUITests;
				PRODUCT_NAME = "$(TARGET_NAME)";
				SWIFT_VERSION = 4.0;
				TARGETED_DEVICE_FAMILY = "1,2";
				TEST_TARGET_NAME = TicTacToc;
			};
			name = Release;
		};
/* End XCBuildConfiguration section */

/* Begin XCConfigurationList section */
		2AC13BAF22B90CC100F80969 /* Build configuration list for PBXProject "TicTacToc" */ = {
			isa = XCConfigurationList;
			buildConfigurations = (
				2AC13BDA22B90CCB00F80969 /* Debug */,
				2AC13BDB22B90CCB00F80969 /* Release */,
			);
			defaultConfigurationIsVisible = 0;
			defaultConfigurationName = Release;
		};
		2AC13BDC22B90CCB00F80969 /* Build configuration list for PBXNativeTarget "TicTacToc" */ = {
			isa = XCConfigurationList;
			buildConfigurations = (
				2AC13BDD22B90CCB00F80969 /* Debug */,
				2AC13BDE22B90CCB00F80969 /* Release */,
			);
			defaultConfigurationIsVisible = 0;
			defaultConfigurationName = Release;
		};
		2AC13BDF22B90CCB00F80969 /* Build configuration list for PBXNativeTarget "TicTacTocTests" */ = {
			isa = XCConfigurationList;
			buildConfigurations = (
				2AC13BE022B90CCB00F80969 /* Debug */,
				2AC13BE122B90CCB00F80969 /* Release */,
			);
			defaultConfigurationIsVisible = 0;
			defaultConfigurationName = Release;
		};
		2AC13BE222B90CCB00F80969 /* Build configuration list for PBXNativeTarget "TicTacTocUITests" */ = {
			isa = XCConfigurationList;
			buildConfigurations = (
				2AC13BE322B90CCB00F80969 /* Debug */,
				2AC13BE422B90CCB00F80969 /* Release */,
			);
			defaultConfigurationIsVisible = 0;
			defaultConfigurationName = Release;
		};
/* End XCConfigurationList section */
	};
	rootObject = 2AC13BAC22B90CC100F80969 /* Project object */;
}
